
Microsoft Visual Studio Solution File, Format Version 12.00
# Visual Studio Version 16
VisualStudioVersion = 16.0.31205.134
MinimumVisualStudioVersion = 10.0.40219.1
Project("{9A19103F-16F7-4668-BE54-9A1E7A4F7556}") = "Sepehr.Domain", "src\Domain\Sepehr.Domain\Sepehr.Domain.csproj", "{DD268560-116B-42F0-B05F-6BC109146756}"
EndProject
Project("{2150E333-8FDC-42A3-9474-1A3956D46DE8}") = "src", "src", "{5F21B1CF-C196-4EE6-93E9-46C93E707CA4}"
EndProject
Project("{2150E333-8FDC-42A3-9474-1A3956D46DE8}") = "Domain", "Domain", "{78B6D5A1-FC31-4D4B-939D-9D6B9322E50B}"
EndProject
Project("{2150E333-8FDC-42A3-9474-1A3956D46DE8}") = "Application", "Application", "{576AF8E1-77B2-476F-9ED0-557406A1301F}"
EndProject
Project("{2150E333-8FDC-42A3-9474-1A3956D46DE8}") = "Infrastructure", "Infrastructure", "{EE85D379-4EA6-48AC-99E1-D0D06CB096B1}"
EndProject
Project("{2150E333-8FDC-42A3-9474-1A3956D46DE8}") = "Presentation", "Presentation", "{58A4B38D-ED65-4650-B12D-4592C6BC0DE2}"
EndProject
Project("{9A19103F-16F7-4668-BE54-9A1E7A4F7556}") = "Sepehr.Application", "src\Application\Sepehr.Application\Sepehr.Application.csproj", "{65300814-A2E3-4C6A-B727-2B0FAE12B48D}"
EndProject
Project("{9A19103F-16F7-4668-BE54-9A1E7A4F7556}") = "Sepehr.Application.Contracts", "src\Application\Sepehr.Application.Contracts\Sepehr.Application.Contracts.csproj", "{EAEADEFD-EEF4-4EE9-94E7-2BD466C581F9}"
EndProject
Project("{9A19103F-16F7-4668-BE54-9A1E7A4F7556}") = "Sepehr.Persistence.EF", "src\Infrastructure\Sepehr.Persistence.EF\Sepehr.Persistence.EF.csproj", "{6C676A41-9A38-4102-9F13-B33B40AB4CB0}"
EndProject
Project("{9A19103F-16F7-4668-BE54-9A1E7A4F7556}") = "Sepehr.Query.Models", "src\Infrastructure\Sepehr.Query.Models\Sepehr.Query.Models.csproj", "{65A37C33-46B5-4C0A-94C8-4164339061E2}"
EndProject
Project("{9A19103F-16F7-4668-BE54-9A1E7A4F7556}") = "Sepehr.Query", "src\Infrastructure\Sepehr.Query\Sepehr.Query.csproj", "{B396044B-8692-4D05-BE78-B77642E5BDAC}"
EndProject
Project("{9A19103F-16F7-4668-BE54-9A1E7A4F7556}") = "Sepehr.Api", "src\Presentation\Sepehr.Api\Sepehr.Api.csproj", "{D075F52B-B78B-43ED-A280-732FED49411E}"
EndProject
Project("{2150E333-8FDC-42A3-9474-1A3956D46DE8}") = "Framework", "Framework", "{0474E0F1-5F06-428A-AF85-A69796784104}"
EndProject
Project("{9A19103F-16F7-4668-BE54-9A1E7A4F7556}") = "Anshan.Framework.Api", "Framework\Anshan.Framework.Api\Anshan.Framework.Api.csproj", "{4450B737-EFA6-470A-BF5C-BF62027F753C}"
EndProject
Project("{9A19103F-16F7-4668-BE54-9A1E7A4F7556}") = "Anshan.Framework.Application", "Framework\Anshan.Framework.Application\Anshan.Framework.Application.csproj", "{11EBAAAA-7561-4DD7-B32A-B161A8B33E9F}"
EndProject
Project("{9A19103F-16F7-4668-BE54-9A1E7A4F7556}") = "Anshan.Framework.DI", "Framework\Anshan.Framework.DI\Anshan.Framework.DI.csproj", "{B76387F1-6BEC-4069-A4C4-4CE077D482BE}"
EndProject
Project("{9A19103F-16F7-4668-BE54-9A1E7A4F7556}") = "Anshan.Framework.Domain", "Framework\Anshan.Framework.Domain\Anshan.Framework.Domain.csproj", "{6D832FEC-317A-4D86-973B-27CD8354832A}"
EndProject
Project("{9A19103F-16F7-4668-BE54-9A1E7A4F7556}") = "Anshan.Framework.EF", "Framework\Anshan.Framework.EF\Anshan.Framework.EF.csproj", "{717BDA5B-A3E5-4759-86DC-6EDEFBE37FC6}"
EndProject
Project("{9A19103F-16F7-4668-BE54-9A1E7A4F7556}") = "Anshan.Framework.Permission", "Framework\Anshan.Framework.Permission\Anshan.Framework.Permission.csproj", "{12C665C1-15E6-4C7F-BC8C-581F8AC9BC2F}"
EndProject
Project("{9A19103F-16F7-4668-BE54-9A1E7A4F7556}") = "Anshan.Framework.PhoneNumber", "Framework\Anshan.Framework.PhoneNumber\Anshan.Framework.PhoneNumber.csproj", "{00796842-EC6E-4771-B8D8-D2CFAC076CAA}"
EndProject
Project("{9A19103F-16F7-4668-BE54-9A1E7A4F7556}") = "Anshan.Framework.Test", "Framework\Anshan.Framework.Test\Anshan.Framework.Test.csproj", "{87A058F4-DAAB-4DC8-831E-65865227D440}"
EndProject
Project("{9A19103F-16F7-4668-BE54-9A1E7A4F7556}") = "Anshan.Framework.Core", "Framework\Anshan.Framework.Core\Anshan.Framework.Core.csproj", "{36241910-937B-4353-B2CD-90E63DB2F489}"
EndProject
Project("{9A19103F-16F7-4668-BE54-9A1E7A4F7556}") = "Anshan.Framework.DateTime", "Framework\Anshan.Framework.DateTime\Anshan.Framework.DateTime.csproj", "{579A6C6D-02AA-48D0-8B0B-A3577D06AD28}"
EndProject
Project("{9A19103F-16F7-4668-BE54-9A1E7A4F7556}") = "Sepehr.Config", "src\Infrastructure\Sepehr.Config\Sepehr.Config.csproj", "{A748FB25-B585-4CD8-99C6-B9C40A5574DA}"
EndProject
Project("{9A19103F-16F7-4668-BE54-9A1E7A4F7556}") = "Sepehr.Cache.Redis", "src\Infrastructure\Sepehr.Cache.Redis\Sepehr.Cache.Redis.csproj", "{00151EB9-471D-410D-B248-622415F94578}"
EndProject
Project("{9A19103F-16F7-4668-BE54-9A1E7A4F7556}") = "Framework.Pagination", "Framework\Framework.Pagination\Framework.Pagination.csproj", "{511803B1-0787-481A-9348-492471CD15A3}"
EndProject
Project("{9A19103F-16F7-4668-BE54-9A1E7A4F7556}") = "Anshan.Framework.SpecFlow", "Framework\Anshan.Framework.SpecFlow\Anshan.Framework.SpecFlow.csproj", "{C09137F3-02C7-46DD-BE79-7AF939741165}"
EndProject
Project("{9A19103F-16F7-4668-BE54-9A1E7A4F7556}") = "Anshan.Framework.Security", "Framework\Anshan.Framework.Security\Anshan.Framework.Security.csproj", "{4A74C3B2-C45B-4925-ADC9-E2AABAADF5CF}"
EndProject
Project("{9A19103F-16F7-4668-BE54-9A1E7A4F7556}") = "Sepehr.Facade", "src\Presentation\Sepehr.Facade\Sepehr.Facade.csproj", "{87A458C8-0714-4895-96F2-E760CB8D34EA}"
EndProject
Project("{9A19103F-16F7-4668-BE54-9A1E7A4F7556}") = "Sepehr.PageBuilder", "src\Presentation\Sepehr.PageBuilder\Sepehr.PageBuilder.csproj", "{51CA2340-826A-48E1-BEBE-41D46D55AEDB}"
EndProject
Project("{FAE04EC0-301F-11D3-BF4B-00C04F79EFBC}") = "Sepehr.PageBuilder.Config", "src\Infrastructure\Sepehr.PageBuilder.Config\Sepehr.PageBuilder.Config.csproj", "{8E67CAF7-E89F-4D7C-91A0-FE2FE5C24095}"
EndProject
Project("{9A19103F-16F7-4668-BE54-9A1E7A4F7556}") = "Framework.CommonUtility", "Framework\Framework.CommonUtility\Framework.CommonUtility.csproj", "{37605DDB-BBAE-4DEE-82D2-2BF519FB5D66}"
EndProject
Project("{9A19103F-16F7-4668-BE54-9A1E7A4F7556}") = "Framework.Exceptions", "Framework\Framework.Exceptions\Framework.Exceptions.csproj", "{03C913BA-EAF8-4CE7-97EA-406921B041F0}"
EndProject
Project("{9A19103F-16F7-4668-BE54-9A1E7A4F7556}") = "Framework.FileUtility", "Framework\Framework.FileUtility\Framework.FileUtility.csproj", "{6C1339DB-6686-4369-AF1E-9BAC49170E28}"
EndProject
Project("{FAE04EC0-301F-11D3-BF4B-00C04F79EFBC}") = "Arta.Application", "src\Application\Arta.Application\Arta.Application.csproj", "{2B967FC5-A64F-4E1A-A35F-95C4A9D399CF}"
EndProject
Global
	GlobalSection(SolutionConfigurationPlatforms) = preSolution
		Debug|Any CPU = Debug|Any CPU
		Release|Any CPU = Release|Any CPU
	EndGlobalSection
	GlobalSection(ProjectConfigurationPlatforms) = postSolution
		{DD268560-116B-42F0-B05F-6BC109146756}.Debug|Any CPU.ActiveCfg = Debug|Any CPU
		{DD268560-116B-42F0-B05F-6BC109146756}.Debug|Any CPU.Build.0 = Debug|Any CPU
		{DD268560-116B-42F0-B05F-6BC109146756}.Release|Any CPU.ActiveCfg = Release|Any CPU
		{DD268560-116B-42F0-B05F-6BC109146756}.Release|Any CPU.Build.0 = Release|Any CPU
		{65300814-A2E3-4C6A-B727-2B0FAE12B48D}.Debug|Any CPU.ActiveCfg = Debug|Any CPU
		{65300814-A2E3-4C6A-B727-2B0FAE12B48D}.Debug|Any CPU.Build.0 = Debug|Any CPU
		{65300814-A2E3-4C6A-B727-2B0FAE12B48D}.Release|Any CPU.ActiveCfg = Release|Any CPU
		{65300814-A2E3-4C6A-B727-2B0FAE12B48D}.Release|Any CPU.Build.0 = Release|Any CPU
		{EAEADEFD-EEF4-4EE9-94E7-2BD466C581F9}.Debug|Any CPU.ActiveCfg = Debug|Any CPU
		{EAEADEFD-EEF4-4EE9-94E7-2BD466C581F9}.Debug|Any CPU.Build.0 = Debug|Any CPU
		{EAEADEFD-EEF4-4EE9-94E7-2BD466C581F9}.Release|Any CPU.ActiveCfg = Release|Any CPU
		{EAEADEFD-EEF4-4EE9-94E7-2BD466C581F9}.Release|Any CPU.Build.0 = Release|Any CPU
		{6C676A41-9A38-4102-9F13-B33B40AB4CB0}.Debug|Any CPU.ActiveCfg = Debug|Any CPU
		{6C676A41-9A38-4102-9F13-B33B40AB4CB0}.Debug|Any CPU.Build.0 = Debug|Any CPU
		{6C676A41-9A38-4102-9F13-B33B40AB4CB0}.Release|Any CPU.ActiveCfg = Release|Any CPU
		{6C676A41-9A38-4102-9F13-B33B40AB4CB0}.Release|Any CPU.Build.0 = Release|Any CPU
		{65A37C33-46B5-4C0A-94C8-4164339061E2}.Debug|Any CPU.ActiveCfg = Debug|Any CPU
		{65A37C33-46B5-4C0A-94C8-4164339061E2}.Debug|Any CPU.Build.0 = Debug|Any CPU
		{65A37C33-46B5-4C0A-94C8-4164339061E2}.Release|Any CPU.ActiveCfg = Release|Any CPU
		{65A37C33-46B5-4C0A-94C8-4164339061E2}.Release|Any CPU.Build.0 = Release|Any CPU
		{B396044B-8692-4D05-BE78-B77642E5BDAC}.Debug|Any CPU.ActiveCfg = Debug|Any CPU
		{B396044B-8692-4D05-BE78-B77642E5BDAC}.Debug|Any CPU.Build.0 = Debug|Any CPU
		{B396044B-8692-4D05-BE78-B77642E5BDAC}.Release|Any CPU.ActiveCfg = Release|Any CPU
		{B396044B-8692-4D05-BE78-B77642E5BDAC}.Release|Any CPU.Build.0 = Release|Any CPU
		{D075F52B-B78B-43ED-A280-732FED49411E}.Debug|Any CPU.ActiveCfg = Debug|Any CPU
		{D075F52B-B78B-43ED-A280-732FED49411E}.Debug|Any CPU.Build.0 = Debug|Any CPU
		{D075F52B-B78B-43ED-A280-732FED49411E}.Release|Any CPU.ActiveCfg = Release|Any CPU
		{D075F52B-B78B-43ED-A280-732FED49411E}.Release|Any CPU.Build.0 = Release|Any CPU
		{4450B737-EFA6-470A-BF5C-BF62027F753C}.Debug|Any CPU.ActiveCfg = Debug|Any CPU
		{4450B737-EFA6-470A-BF5C-BF62027F753C}.Debug|Any CPU.Build.0 = Debug|Any CPU
		{4450B737-EFA6-470A-BF5C-BF62027F753C}.Release|Any CPU.ActiveCfg = Release|Any CPU
		{4450B737-EFA6-470A-BF5C-BF62027F753C}.Release|Any CPU.Build.0 = Release|Any CPU
		{11EBAAAA-7561-4DD7-B32A-B161A8B33E9F}.Debug|Any CPU.ActiveCfg = Debug|Any CPU
		{11EBAAAA-7561-4DD7-B32A-B161A8B33E9F}.Debug|Any CPU.Build.0 = Debug|Any CPU
		{11EBAAAA-7561-4DD7-B32A-B161A8B33E9F}.Release|Any CPU.ActiveCfg = Release|Any CPU
		{11EBAAAA-7561-4DD7-B32A-B161A8B33E9F}.Release|Any CPU.Build.0 = Release|Any CPU
		{B76387F1-6BEC-4069-A4C4-4CE077D482BE}.Debug|Any CPU.ActiveCfg = Debug|Any CPU
		{B76387F1-6BEC-4069-A4C4-4CE077D482BE}.Debug|Any CPU.Build.0 = Debug|Any CPU
		{B76387F1-6BEC-4069-A4C4-4CE077D482BE}.Release|Any CPU.ActiveCfg = Release|Any CPU
		{B76387F1-6BEC-4069-A4C4-4CE077D482BE}.Release|Any CPU.Build.0 = Release|Any CPU
		{6D832FEC-317A-4D86-973B-27CD8354832A}.Debug|Any CPU.ActiveCfg = Debug|Any CPU
		{6D832FEC-317A-4D86-973B-27CD8354832A}.Debug|Any CPU.Build.0 = Debug|Any CPU
		{6D832FEC-317A-4D86-973B-27CD8354832A}.Release|Any CPU.ActiveCfg = Release|Any CPU
		{6D832FEC-317A-4D86-973B-27CD8354832A}.Release|Any CPU.Build.0 = Release|Any CPU
		{717BDA5B-A3E5-4759-86DC-6EDEFBE37FC6}.Debug|Any CPU.ActiveCfg = Debug|Any CPU
		{717BDA5B-A3E5-4759-86DC-6EDEFBE37FC6}.Debug|Any CPU.Build.0 = Debug|Any CPU
		{717BDA5B-A3E5-4759-86DC-6EDEFBE37FC6}.Release|Any CPU.ActiveCfg = Release|Any CPU
		{717BDA5B-A3E5-4759-86DC-6EDEFBE37FC6}.Release|Any CPU.Build.0 = Release|Any CPU
		{12C665C1-15E6-4C7F-BC8C-581F8AC9BC2F}.Debug|Any CPU.ActiveCfg = Debug|Any CPU
		{12C665C1-15E6-4C7F-BC8C-581F8AC9BC2F}.Debug|Any CPU.Build.0 = Debug|Any CPU
		{12C665C1-15E6-4C7F-BC8C-581F8AC9BC2F}.Release|Any CPU.ActiveCfg = Release|Any CPU
		{12C665C1-15E6-4C7F-BC8C-581F8AC9BC2F}.Release|Any CPU.Build.0 = Release|Any CPU
		{00796842-EC6E-4771-B8D8-D2CFAC076CAA}.Debug|Any CPU.ActiveCfg = Debug|Any CPU
		{00796842-EC6E-4771-B8D8-D2CFAC076CAA}.Debug|Any CPU.Build.0 = Debug|Any CPU
		{00796842-EC6E-4771-B8D8-D2CFAC076CAA}.Release|Any CPU.ActiveCfg = Release|Any CPU
		{00796842-EC6E-4771-B8D8-D2CFAC076CAA}.Release|Any CPU.Build.0 = Release|Any CPU
		{87A058F4-DAAB-4DC8-831E-65865227D440}.Debug|Any CPU.ActiveCfg = Debug|Any CPU
		{87A058F4-DAAB-4DC8-831E-65865227D440}.Debug|Any CPU.Build.0 = Debug|Any CPU
		{87A058F4-DAAB-4DC8-831E-65865227D440}.Release|Any CPU.ActiveCfg = Release|Any CPU
		{87A058F4-DAAB-4DC8-831E-65865227D440}.Release|Any CPU.Build.0 = Release|Any CPU
		{36241910-937B-4353-B2CD-90E63DB2F489}.Debug|Any CPU.ActiveCfg = Debug|Any CPU
		{36241910-937B-4353-B2CD-90E63DB2F489}.Debug|Any CPU.Build.0 = Debug|Any CPU
		{36241910-937B-4353-B2CD-90E63DB2F489}.Release|Any CPU.ActiveCfg = Release|Any CPU
		{36241910-937B-4353-B2CD-90E63DB2F489}.Release|Any CPU.Build.0 = Release|Any CPU
		{579A6C6D-02AA-48D0-8B0B-A3577D06AD28}.Debug|Any CPU.ActiveCfg = Debug|Any CPU
		{579A6C6D-02AA-48D0-8B0B-A3577D06AD28}.Debug|Any CPU.Build.0 = Debug|Any CPU
		{579A6C6D-02AA-48D0-8B0B-A3577D06AD28}.Release|Any CPU.ActiveCfg = Release|Any CPU
		{579A6C6D-02AA-48D0-8B0B-A3577D06AD28}.Release|Any CPU.Build.0 = Release|Any CPU
		{A748FB25-B585-4CD8-99C6-B9C40A5574DA}.Debug|Any CPU.ActiveCfg = Debug|Any CPU
		{A748FB25-B585-4CD8-99C6-B9C40A5574DA}.Debug|Any CPU.Build.0 = Debug|Any CPU
		{A748FB25-B585-4CD8-99C6-B9C40A5574DA}.Release|Any CPU.ActiveCfg = Release|Any CPU
		{A748FB25-B585-4CD8-99C6-B9C40A5574DA}.Release|Any CPU.Build.0 = Release|Any CPU
		{00151EB9-471D-410D-B248-622415F94578}.Debug|Any CPU.ActiveCfg = Debug|Any CPU
		{00151EB9-471D-410D-B248-622415F94578}.Debug|Any CPU.Build.0 = Debug|Any CPU
		{00151EB9-471D-410D-B248-622415F94578}.Release|Any CPU.ActiveCfg = Release|Any CPU
		{00151EB9-471D-410D-B248-622415F94578}.Release|Any CPU.Build.0 = Release|Any CPU
		{511803B1-0787-481A-9348-492471CD15A3}.Debug|Any CPU.ActiveCfg = Debug|Any CPU
		{511803B1-0787-481A-9348-492471CD15A3}.Debug|Any CPU.Build.0 = Debug|Any CPU
		{511803B1-0787-481A-9348-492471CD15A3}.Release|Any CPU.ActiveCfg = Release|Any CPU
		{511803B1-0787-481A-9348-492471CD15A3}.Release|Any CPU.Build.0 = Release|Any CPU
		{C09137F3-02C7-46DD-BE79-7AF939741165}.Debug|Any CPU.ActiveCfg = Debug|Any CPU
		{C09137F3-02C7-46DD-BE79-7AF939741165}.Debug|Any CPU.Build.0 = Debug|Any CPU
		{C09137F3-02C7-46DD-BE79-7AF939741165}.Release|Any CPU.ActiveCfg = Release|Any CPU
		{C09137F3-02C7-46DD-BE79-7AF939741165}.Release|Any CPU.Build.0 = Release|Any CPU
		{4A74C3B2-C45B-4925-ADC9-E2AABAADF5CF}.Debug|Any CPU.ActiveCfg = Debug|Any CPU
		{4A74C3B2-C45B-4925-ADC9-E2AABAADF5CF}.Debug|Any CPU.Build.0 = Debug|Any CPU
		{4A74C3B2-C45B-4925-ADC9-E2AABAADF5CF}.Release|Any CPU.ActiveCfg = Release|Any CPU
		{4A74C3B2-C45B-4925-ADC9-E2AABAADF5CF}.Release|Any CPU.Build.0 = Release|Any CPU
		{87A458C8-0714-4895-96F2-E760CB8D34EA}.Debug|Any CPU.ActiveCfg = Debug|Any CPU
		{87A458C8-0714-4895-96F2-E760CB8D34EA}.Debug|Any CPU.Build.0 = Debug|Any CPU
		{87A458C8-0714-4895-96F2-E760CB8D34EA}.Release|Any CPU.ActiveCfg = Release|Any CPU
		{87A458C8-0714-4895-96F2-E760CB8D34EA}.Release|Any CPU.Build.0 = Release|Any CPU
		{51CA2340-826A-48E1-BEBE-41D46D55AEDB}.Debug|Any CPU.ActiveCfg = Debug|Any CPU
		{51CA2340-826A-48E1-BEBE-41D46D55AEDB}.Debug|Any CPU.Build.0 = Debug|Any CPU
		{51CA2340-826A-48E1-BEBE-41D46D55AEDB}.Release|Any CPU.ActiveCfg = Release|Any CPU
		{51CA2340-826A-48E1-BEBE-41D46D55AEDB}.Release|Any CPU.Build.0 = Release|Any CPU
		{8E67CAF7-E89F-4D7C-91A0-FE2FE5C24095}.Debug|Any CPU.ActiveCfg = Debug|Any CPU
		{8E67CAF7-E89F-4D7C-91A0-FE2FE5C24095}.Debug|Any CPU.Build.0 = Debug|Any CPU
		{8E67CAF7-E89F-4D7C-91A0-FE2FE5C24095}.Release|Any CPU.ActiveCfg = Release|Any CPU
		{8E67CAF7-E89F-4D7C-91A0-FE2FE5C24095}.Release|Any CPU.Build.0 = Release|Any CPU
		{37605DDB-BBAE-4DEE-82D2-2BF519FB5D66}.Debug|Any CPU.ActiveCfg = Debug|Any CPU
		{37605DDB-BBAE-4DEE-82D2-2BF519FB5D66}.Debug|Any CPU.Build.0 = Debug|Any CPU
		{37605DDB-BBAE-4DEE-82D2-2BF519FB5D66}.Release|Any CPU.ActiveCfg = Release|Any CPU
		{37605DDB-BBAE-4DEE-82D2-2BF519FB5D66}.Release|Any CPU.Build.0 = Release|Any CPU
		{03C913BA-EAF8-4CE7-97EA-406921B041F0}.Debug|Any CPU.ActiveCfg = Debug|Any CPU
		{03C913BA-EAF8-4CE7-97EA-406921B041F0}.Debug|Any CPU.Build.0 = Debug|Any CPU
		{03C913BA-EAF8-4CE7-97EA-406921B041F0}.Release|Any CPU.ActiveCfg = Release|Any CPU
		{03C913BA-EAF8-4CE7-97EA-406921B041F0}.Release|Any CPU.Build.0 = Release|Any CPU
		{6C1339DB-6686-4369-AF1E-9BAC49170E28}.Debug|Any CPU.ActiveCfg = Debug|Any CPU
		{6C1339DB-6686-4369-AF1E-9BAC49170E28}.Debug|Any CPU.Build.0 = Debug|Any CPU
		{6C1339DB-6686-4369-AF1E-9BAC49170E28}.Release|Any CPU.ActiveCfg = Release|Any CPU
		{6C1339DB-6686-4369-AF1E-9BAC49170E28}.Release|Any CPU.Build.0 = Release|Any CPU
		{2B967FC5-A64F-4E1A-A35F-95C4A9D399CF}.Debug|Any CPU.ActiveCfg = Debug|Any CPU
		{2B967FC5-A64F-4E1A-A35F-95C4A9D399CF}.Debug|Any CPU.Build.0 = Debug|Any CPU
		{2B967FC5-A64F-4E1A-A35F-95C4A9D399CF}.Release|Any CPU.ActiveCfg = Release|Any CPU
		{2B967FC5-A64F-4E1A-A35F-95C4A9D399CF}.Release|Any CPU.Build.0 = Release|Any CPU
	EndGlobalSection
	GlobalSection(SolutionProperties) = preSolution
		HideSolutionNode = FALSE
	EndGlobalSection
	GlobalSection(NestedProjects) = preSolution
		{DD268560-116B-42F0-B05F-6BC109146756} = {78B6D5A1-FC31-4D4B-939D-9D6B9322E50B}
		{78B6D5A1-FC31-4D4B-939D-9D6B9322E50B} = {5F21B1CF-C196-4EE6-93E9-46C93E707CA4}
		{576AF8E1-77B2-476F-9ED0-557406A1301F} = {5F21B1CF-C196-4EE6-93E9-46C93E707CA4}
		{EE85D379-4EA6-48AC-99E1-D0D06CB096B1} = {5F21B1CF-C196-4EE6-93E9-46C93E707CA4}
		{58A4B38D-ED65-4650-B12D-4592C6BC0DE2} = {5F21B1CF-C196-4EE6-93E9-46C93E707CA4}
		{65300814-A2E3-4C6A-B727-2B0FAE12B48D} = {576AF8E1-77B2-476F-9ED0-557406A1301F}
		{EAEADEFD-EEF4-4EE9-94E7-2BD466C581F9} = {576AF8E1-77B2-476F-9ED0-557406A1301F}
		{6C676A41-9A38-4102-9F13-B33B40AB4CB0} = {EE85D379-4EA6-48AC-99E1-D0D06CB096B1}
		{65A37C33-46B5-4C0A-94C8-4164339061E2} = {EE85D379-4EA6-48AC-99E1-D0D06CB096B1}
		{B396044B-8692-4D05-BE78-B77642E5BDAC} = {EE85D379-4EA6-48AC-99E1-D0D06CB096B1}
		{D075F52B-B78B-43ED-A280-732FED49411E} = {58A4B38D-ED65-4650-B12D-4592C6BC0DE2}
		{4450B737-EFA6-470A-BF5C-BF62027F753C} = {0474E0F1-5F06-428A-AF85-A69796784104}
		{11EBAAAA-7561-4DD7-B32A-B161A8B33E9F} = {0474E0F1-5F06-428A-AF85-A69796784104}
		{B76387F1-6BEC-4069-A4C4-4CE077D482BE} = {0474E0F1-5F06-428A-AF85-A69796784104}
		{6D832FEC-317A-4D86-973B-27CD8354832A} = {0474E0F1-5F06-428A-AF85-A69796784104}
		{717BDA5B-A3E5-4759-86DC-6EDEFBE37FC6} = {0474E0F1-5F06-428A-AF85-A69796784104}
		{12C665C1-15E6-4C7F-BC8C-581F8AC9BC2F} = {0474E0F1-5F06-428A-AF85-A69796784104}
		{00796842-EC6E-4771-B8D8-D2CFAC076CAA} = {0474E0F1-5F06-428A-AF85-A69796784104}
		{87A058F4-DAAB-4DC8-831E-65865227D440} = {0474E0F1-5F06-428A-AF85-A69796784104}
		{36241910-937B-4353-B2CD-90E63DB2F489} = {0474E0F1-5F06-428A-AF85-A69796784104}
		{579A6C6D-02AA-48D0-8B0B-A3577D06AD28} = {0474E0F1-5F06-428A-AF85-A69796784104}
		{A748FB25-B585-4CD8-99C6-B9C40A5574DA} = {EE85D379-4EA6-48AC-99E1-D0D06CB096B1}
		{00151EB9-471D-410D-B248-622415F94578} = {EE85D379-4EA6-48AC-99E1-D0D06CB096B1}
		{511803B1-0787-481A-9348-492471CD15A3} = {0474E0F1-5F06-428A-AF85-A69796784104}
		{C09137F3-02C7-46DD-BE79-7AF939741165} = {0474E0F1-5F06-428A-AF85-A69796784104}
		{4A74C3B2-C45B-4925-ADC9-E2AABAADF5CF} = {0474E0F1-5F06-428A-AF85-A69796784104}
		{87A458C8-0714-4895-96F2-E760CB8D34EA} = {58A4B38D-ED65-4650-B12D-4592C6BC0DE2}
		{51CA2340-826A-48E1-BEBE-41D46D55AEDB} = {58A4B38D-ED65-4650-B12D-4592C6BC0DE2}
		{8E67CAF7-E89F-4D7C-91A0-FE2FE5C24095} = {EE85D379-4EA6-48AC-99E1-D0D06CB096B1}
		{37605DDB-BBAE-4DEE-82D2-2BF519FB5D66} = {0474E0F1-5F06-428A-AF85-A69796784104}
		{03C913BA-EAF8-4CE7-97EA-406921B041F0} = {0474E0F1-5F06-428A-AF85-A69796784104}
		{6C1339DB-6686-4369-AF1E-9BAC49170E28} = {0474E0F1-5F06-428A-AF85-A69796784104}
		{2B967FC5-A64F-4E1A-A35F-95C4A9D399CF} = {576AF8E1-77B2-476F-9ED0-557406A1301F}
	EndGlobalSection
	GlobalSection(ExtensibilityGlobals) = postSolution
		SolutionGuid = {BE585BA6-EFF9-4975-A786-D103BB2BE61C}
	EndGlobalSection
EndGlobal
