
Microsoft Visual Studio Solution File, Format Version 12.00
# Visual Studio Version 16
VisualStudioVersion = 16.0.31205.134
MinimumVisualStudioVersion = 10.0.40219.1
Project("{2150E333-8FDC-42A3-9474-1A3956D46DE8}") = "src", "src", "{5F21B1CF-C196-4EE6-93E9-46C93E707CA4}"
EndProject
Project("{2150E333-8FDC-42A3-9474-1A3956D46DE8}") = "Domain", "Domain", "{78B6D5A1-FC31-4D4B-939D-9D6B9322E50B}"
EndProject
Project("{2150E333-8FDC-42A3-9474-1A3956D46DE8}") = "Application", "Application", "{576AF8E1-77B2-476F-9ED0-557406A1301F}"
EndProject
Project("{2150E333-8FDC-42A3-9474-1A3956D46DE8}") = "Infrastructure", "Infrastructure", "{EE85D379-4EA6-48AC-99E1-D0D06CB096B1}"
EndProject
Project("{2150E333-8FDC-42A3-9474-1A3956D46DE8}") = "Presentation", "Presentation", "{58A4B38D-ED65-4650-B12D-4592C6BC0DE2}"
EndProject
Project("{2150E333-8FDC-42A3-9474-1A3956D46DE8}") = "Framework", "Framework", "{0474E0F1-5F06-428A-AF85-A69796784104}"
EndProject
Project("{9A19103F-16F7-4668-BE54-9A1E7A4F7556}") = "Anshan.Framework.Api", "Framework\Anshan.Framework.Api\Anshan.Framework.Api.csproj", "{4450B737-EFA6-470A-BF5C-BF62027F753C}"
EndProject
Project("{9A19103F-16F7-4668-BE54-9A1E7A4F7556}") = "Anshan.Framework.Application", "Framework\Anshan.Framework.Application\Anshan.Framework.Application.csproj", "{11EBAAAA-7561-4DD7-B32A-B161A8B33E9F}"
EndProject
Project("{9A19103F-16F7-4668-BE54-9A1E7A4F7556}") = "Anshan.Framework.DI", "Framework\Anshan.Framework.DI\Anshan.Framework.DI.csproj", "{B76387F1-6BEC-4069-A4C4-4CE077D482BE}"
EndProject
Project("{9A19103F-16F7-4668-BE54-9A1E7A4F7556}") = "Anshan.Framework.Domain", "Framework\Anshan.Framework.Domain\Anshan.Framework.Domain.csproj", "{6D832FEC-317A-4D86-973B-27CD8354832A}"
EndProject
Project("{9A19103F-16F7-4668-BE54-9A1E7A4F7556}") = "Anshan.Framework.EF", "Framework\Anshan.Framework.EF\Anshan.Framework.EF.csproj", "{717BDA5B-A3E5-4759-86DC-6EDEFBE37FC6}"
EndProject
Project("{9A19103F-16F7-4668-BE54-9A1E7A4F7556}") = "Anshan.Framework.Permission", "Framework\Anshan.Framework.Permission\Anshan.Framework.Permission.csproj", "{12C665C1-15E6-4C7F-BC8C-581F8AC9BC2F}"
EndProject
Project("{9A19103F-16F7-4668-BE54-9A1E7A4F7556}") = "Anshan.Framework.PhoneNumber", "Framework\Anshan.Framework.PhoneNumber\Anshan.Framework.PhoneNumber.csproj", "{00796842-EC6E-4771-B8D8-D2CFAC076CAA}"
EndProject
Project("{9A19103F-16F7-4668-BE54-9A1E7A4F7556}") = "Anshan.Framework.Test", "Framework\Anshan.Framework.Test\Anshan.Framework.Test.csproj", "{87A058F4-DAAB-4DC8-831E-65865227D440}"
EndProject
Project("{9A19103F-16F7-4668-BE54-9A1E7A4F7556}") = "Anshan.Framework.Core", "Framework\Anshan.Framework.Core\Anshan.Framework.Core.csproj", "{36241910-937B-4353-B2CD-90E63DB2F489}"
EndProject
Project("{9A19103F-16F7-4668-BE54-9A1E7A4F7556}") = "Anshan.Framework.DateTime", "Framework\Anshan.Framework.DateTime\Anshan.Framework.DateTime.csproj", "{579A6C6D-02AA-48D0-8B0B-A3577D06AD28}"
EndProject
Project("{9A19103F-16F7-4668-BE54-9A1E7A4F7556}") = "Framework.Pagination", "Framework\Framework.Pagination\Framework.Pagination.csproj", "{511803B1-0787-481A-9348-492471CD15A3}"
EndProject
Project("{9A19103F-16F7-4668-BE54-9A1E7A4F7556}") = "Anshan.Framework.SpecFlow", "Framework\Anshan.Framework.SpecFlow\Anshan.Framework.SpecFlow.csproj", "{C09137F3-02C7-46DD-BE79-7AF939741165}"
EndProject
Project("{9A19103F-16F7-4668-BE54-9A1E7A4F7556}") = "Anshan.Framework.Security", "Framework\Anshan.Framework.Security\Anshan.Framework.Security.csproj", "{4A74C3B2-C45B-4925-ADC9-E2AABAADF5CF}"
EndProject
Project("{9A19103F-16F7-4668-BE54-9A1E7A4F7556}") = "Framework.CommonUtility", "Framework\Framework.CommonUtility\Framework.CommonUtility.csproj", "{37605DDB-BBAE-4DEE-82D2-2BF519FB5D66}"
EndProject
Project("{9A19103F-16F7-4668-BE54-9A1E7A4F7556}") = "Framework.Exceptions", "Framework\Framework.Exceptions\Framework.Exceptions.csproj", "{03C913BA-EAF8-4CE7-97EA-406921B041F0}"
EndProject
Project("{9A19103F-16F7-4668-BE54-9A1E7A4F7556}") = "Framework.FileUtility", "Framework\Framework.FileUtility\Framework.FileUtility.csproj", "{6C1339DB-6686-4369-AF1E-9BAC49170E28}"
EndProject
Project("{FAE04EC0-301F-11D3-BF4B-00C04F79EFBC}") = "Arta.Application", "src\Application\Arta.Application\Arta.Application.csproj", "{2B967FC5-A64F-4E1A-A35F-95C4A9D399CF}"
EndProject
Project("{FAE04EC0-301F-11D3-BF4B-00C04F79EFBC}") = "Arta.Application.Contracts", "src\Application\Arta.Application.Contracts\Arta.Application.Contracts.csproj", "{B1643A68-4B8A-4554-A70C-6A21AB25C67E}"
EndProject
Project("{FAE04EC0-301F-11D3-BF4B-00C04F79EFBC}") = "Arta.Domain", "src\Domain\Arta.Domain\Arta.Domain.csproj", "{7E41115F-C4D5-49AC-8205-B4DD6A0A285C}"
EndProject
Project("{FAE04EC0-301F-11D3-BF4B-00C04F79EFBC}") = "Arta.Cache.Redis", "src\Infrastructure\Arta.Cache.Redis\Arta.Cache.Redis.csproj", "{2959A4D6-CF6D-49CB-9CA3-99FE14C8DF73}"
EndProject
Project("{FAE04EC0-301F-11D3-BF4B-00C04F79EFBC}") = "Arta.Config", "src\Infrastructure\Arta.Config\Arta.Config.csproj", "{431647AB-2730-4F46-B9F9-1B5D2937F661}"
EndProject
Project("{FAE04EC0-301F-11D3-BF4B-00C04F79EFBC}") = "Arta.PageCreator.Config", "src\Infrastructure\Arta.PageCreator.Config\Arta.PageCreator.Config.csproj", "{9389A73F-FCFA-4990-97B5-605675ED7398}"
EndProject
Project("{FAE04EC0-301F-11D3-BF4B-00C04F79EFBC}") = "Arta.Persistence.EF", "src\Infrastructure\Arta.Persistence.EF\Arta.Persistence.EF.csproj", "{1F85C9B5-035B-448E-A78F-229DD41845ED}"
EndProject
Project("{FAE04EC0-301F-11D3-BF4B-00C04F79EFBC}") = "Arta.Query", "src\Infrastructure\Arta.Query\Arta.Query.csproj", "{16B36B49-8A55-4BE1-B69D-43E7E2EFC7C1}"
EndProject
Project("{FAE04EC0-301F-11D3-BF4B-00C04F79EFBC}") = "Arta.Query.Model", "src\Infrastructure\Arta.Query.Model\Arta.Query.Model.csproj", "{35116C29-8E76-4CE8-8779-E406F96E92D1}"
EndProject
Project("{FAE04EC0-301F-11D3-BF4B-00C04F79EFBC}") = "Arta.Facade", "src\Presentation\Arta.Facade\Arta.Facade.csproj", "{7BE18C90-E344-4697-AA80-8B0AF75A920A}"
EndProject
Project("{FAE04EC0-301F-11D3-BF4B-00C04F79EFBC}") = "Arta.PageCreator", "src\Presentation\Arta.PageCreator\Arta.PageCreator.csproj", "{E86C946E-CAA4-457D-BDF9-9EAAD8908E00}"
EndProject
Project("{FAE04EC0-301F-11D3-BF4B-00C04F79EFBC}") = "Arta.Api", "src\Presentation\Arta.Api\Arta.Api.csproj", "{E4BB134B-AA91-4C1E-8EA5-B8C02DD275A6}"
EndProject
Global
	GlobalSection(SolutionConfigurationPlatforms) = preSolution
		Debug|Any CPU = Debug|Any CPU
		Release|Any CPU = Release|Any CPU
	EndGlobalSection
	GlobalSection(ProjectConfigurationPlatforms) = postSolution
		{4450B737-EFA6-470A-BF5C-BF62027F753C}.Debug|Any CPU.ActiveCfg = Debug|Any CPU
		{4450B737-EFA6-470A-BF5C-BF62027F753C}.Debug|Any CPU.Build.0 = Debug|Any CPU
		{4450B737-EFA6-470A-BF5C-BF62027F753C}.Release|Any CPU.ActiveCfg = Release|Any CPU
		{4450B737-EFA6-470A-BF5C-BF62027F753C}.Release|Any CPU.Build.0 = Release|Any CPU
		{11EBAAAA-7561-4DD7-B32A-B161A8B33E9F}.Debug|Any CPU.ActiveCfg = Debug|Any CPU
		{11EBAAAA-7561-4DD7-B32A-B161A8B33E9F}.Debug|Any CPU.Build.0 = Debug|Any CPU
		{11EBAAAA-7561-4DD7-B32A-B161A8B33E9F}.Release|Any CPU.ActiveCfg = Release|Any CPU
		{11EBAAAA-7561-4DD7-B32A-B161A8B33E9F}.Release|Any CPU.Build.0 = Release|Any CPU
		{B76387F1-6BEC-4069-A4C4-4CE077D482BE}.Debug|Any CPU.ActiveCfg = Debug|Any CPU
		{B76387F1-6BEC-4069-A4C4-4CE077D482BE}.Debug|Any CPU.Build.0 = Debug|Any CPU
		{B76387F1-6BEC-4069-A4C4-4CE077D482BE}.Release|Any CPU.ActiveCfg = Release|Any CPU
		{B76387F1-6BEC-4069-A4C4-4CE077D482BE}.Release|Any CPU.Build.0 = Release|Any CPU
		{6D832FEC-317A-4D86-973B-27CD8354832A}.Debug|Any CPU.ActiveCfg = Debug|Any CPU
		{6D832FEC-317A-4D86-973B-27CD8354832A}.Debug|Any CPU.Build.0 = Debug|Any CPU
		{6D832FEC-317A-4D86-973B-27CD8354832A}.Release|Any CPU.ActiveCfg = Release|Any CPU
		{6D832FEC-317A-4D86-973B-27CD8354832A}.Release|Any CPU.Build.0 = Release|Any CPU
		{717BDA5B-A3E5-4759-86DC-6EDEFBE37FC6}.Debug|Any CPU.ActiveCfg = Debug|Any CPU
		{717BDA5B-A3E5-4759-86DC-6EDEFBE37FC6}.Debug|Any CPU.Build.0 = Debug|Any CPU
		{717BDA5B-A3E5-4759-86DC-6EDEFBE37FC6}.Release|Any CPU.ActiveCfg = Release|Any CPU
		{717BDA5B-A3E5-4759-86DC-6EDEFBE37FC6}.Release|Any CPU.Build.0 = Release|Any CPU
		{12C665C1-15E6-4C7F-BC8C-581F8AC9BC2F}.Debug|Any CPU.ActiveCfg = Debug|Any CPU
		{12C665C1-15E6-4C7F-BC8C-581F8AC9BC2F}.Debug|Any CPU.Build.0 = Debug|Any CPU
		{12C665C1-15E6-4C7F-BC8C-581F8AC9BC2F}.Release|Any CPU.ActiveCfg = Release|Any CPU
		{12C665C1-15E6-4C7F-BC8C-581F8AC9BC2F}.Release|Any CPU.Build.0 = Release|Any CPU
		{00796842-EC6E-4771-B8D8-D2CFAC076CAA}.Debug|Any CPU.ActiveCfg = Debug|Any CPU
		{00796842-EC6E-4771-B8D8-D2CFAC076CAA}.Debug|Any CPU.Build.0 = Debug|Any CPU
		{00796842-EC6E-4771-B8D8-D2CFAC076CAA}.Release|Any CPU.ActiveCfg = Release|Any CPU
		{00796842-EC6E-4771-B8D8-D2CFAC076CAA}.Release|Any CPU.Build.0 = Release|Any CPU
		{87A058F4-DAAB-4DC8-831E-65865227D440}.Debug|Any CPU.ActiveCfg = Debug|Any CPU
		{87A058F4-DAAB-4DC8-831E-65865227D440}.Debug|Any CPU.Build.0 = Debug|Any CPU
		{87A058F4-DAAB-4DC8-831E-65865227D440}.Release|Any CPU.ActiveCfg = Release|Any CPU
		{87A058F4-DAAB-4DC8-831E-65865227D440}.Release|Any CPU.Build.0 = Release|Any CPU
		{36241910-937B-4353-B2CD-90E63DB2F489}.Debug|Any CPU.ActiveCfg = Debug|Any CPU
		{36241910-937B-4353-B2CD-90E63DB2F489}.Debug|Any CPU.Build.0 = Debug|Any CPU
		{36241910-937B-4353-B2CD-90E63DB2F489}.Release|Any CPU.ActiveCfg = Release|Any CPU
		{36241910-937B-4353-B2CD-90E63DB2F489}.Release|Any CPU.Build.0 = Release|Any CPU
		{579A6C6D-02AA-48D0-8B0B-A3577D06AD28}.Debug|Any CPU.ActiveCfg = Debug|Any CPU
		{579A6C6D-02AA-48D0-8B0B-A3577D06AD28}.Debug|Any CPU.Build.0 = Debug|Any CPU
		{579A6C6D-02AA-48D0-8B0B-A3577D06AD28}.Release|Any CPU.ActiveCfg = Release|Any CPU
		{579A6C6D-02AA-48D0-8B0B-A3577D06AD28}.Release|Any CPU.Build.0 = Release|Any CPU
		{511803B1-0787-481A-9348-492471CD15A3}.Debug|Any CPU.ActiveCfg = Debug|Any CPU
		{511803B1-0787-481A-9348-492471CD15A3}.Debug|Any CPU.Build.0 = Debug|Any CPU
		{511803B1-0787-481A-9348-492471CD15A3}.Release|Any CPU.ActiveCfg = Release|Any CPU
		{511803B1-0787-481A-9348-492471CD15A3}.Release|Any CPU.Build.0 = Release|Any CPU
		{C09137F3-02C7-46DD-BE79-7AF939741165}.Debug|Any CPU.ActiveCfg = Debug|Any CPU
		{C09137F3-02C7-46DD-BE79-7AF939741165}.Debug|Any CPU.Build.0 = Debug|Any CPU
		{C09137F3-02C7-46DD-BE79-7AF939741165}.Release|Any CPU.ActiveCfg = Release|Any CPU
		{C09137F3-02C7-46DD-BE79-7AF939741165}.Release|Any CPU.Build.0 = Release|Any CPU
		{4A74C3B2-C45B-4925-ADC9-E2AABAADF5CF}.Debug|Any CPU.ActiveCfg = Debug|Any CPU
		{4A74C3B2-C45B-4925-ADC9-E2AABAADF5CF}.Debug|Any CPU.Build.0 = Debug|Any CPU
		{4A74C3B2-C45B-4925-ADC9-E2AABAADF5CF}.Release|Any CPU.ActiveCfg = Release|Any CPU
		{4A74C3B2-C45B-4925-ADC9-E2AABAADF5CF}.Release|Any CPU.Build.0 = Release|Any CPU
		{37605DDB-BBAE-4DEE-82D2-2BF519FB5D66}.Debug|Any CPU.ActiveCfg = Debug|Any CPU
		{37605DDB-BBAE-4DEE-82D2-2BF519FB5D66}.Debug|Any CPU.Build.0 = Debug|Any CPU
		{37605DDB-BBAE-4DEE-82D2-2BF519FB5D66}.Release|Any CPU.ActiveCfg = Release|Any CPU
		{37605DDB-BBAE-4DEE-82D2-2BF519FB5D66}.Release|Any CPU.Build.0 = Release|Any CPU
		{03C913BA-EAF8-4CE7-97EA-406921B041F0}.Debug|Any CPU.ActiveCfg = Debug|Any CPU
		{03C913BA-EAF8-4CE7-97EA-406921B041F0}.Debug|Any CPU.Build.0 = Debug|Any CPU
		{03C913BA-EAF8-4CE7-97EA-406921B041F0}.Release|Any CPU.ActiveCfg = Release|Any CPU
		{03C913BA-EAF8-4CE7-97EA-406921B041F0}.Release|Any CPU.Build.0 = Release|Any CPU
		{6C1339DB-6686-4369-AF1E-9BAC49170E28}.Debug|Any CPU.ActiveCfg = Debug|Any CPU
		{6C1339DB-6686-4369-AF1E-9BAC49170E28}.Debug|Any CPU.Build.0 = Debug|Any CPU
		{6C1339DB-6686-4369-AF1E-9BAC49170E28}.Release|Any CPU.ActiveCfg = Release|Any CPU
		{6C1339DB-6686-4369-AF1E-9BAC49170E28}.Release|Any CPU.Build.0 = Release|Any CPU
		{2B967FC5-A64F-4E1A-A35F-95C4A9D399CF}.Debug|Any CPU.ActiveCfg = Debug|Any CPU
		{2B967FC5-A64F-4E1A-A35F-95C4A9D399CF}.Debug|Any CPU.Build.0 = Debug|Any CPU
		{2B967FC5-A64F-4E1A-A35F-95C4A9D399CF}.Release|Any CPU.ActiveCfg = Release|Any CPU
		{2B967FC5-A64F-4E1A-A35F-95C4A9D399CF}.Release|Any CPU.Build.0 = Release|Any CPU
		{B1643A68-4B8A-4554-A70C-6A21AB25C67E}.Debug|Any CPU.ActiveCfg = Debug|Any CPU
		{B1643A68-4B8A-4554-A70C-6A21AB25C67E}.Debug|Any CPU.Build.0 = Debug|Any CPU
		{B1643A68-4B8A-4554-A70C-6A21AB25C67E}.Release|Any CPU.ActiveCfg = Release|Any CPU
		{B1643A68-4B8A-4554-A70C-6A21AB25C67E}.Release|Any CPU.Build.0 = Release|Any CPU
		{7E41115F-C4D5-49AC-8205-B4DD6A0A285C}.Debug|Any CPU.ActiveCfg = Debug|Any CPU
		{7E41115F-C4D5-49AC-8205-B4DD6A0A285C}.Debug|Any CPU.Build.0 = Debug|Any CPU
		{7E41115F-C4D5-49AC-8205-B4DD6A0A285C}.Release|Any CPU.ActiveCfg = Release|Any CPU
		{7E41115F-C4D5-49AC-8205-B4DD6A0A285C}.Release|Any CPU.Build.0 = Release|Any CPU
		{2959A4D6-CF6D-49CB-9CA3-99FE14C8DF73}.Debug|Any CPU.ActiveCfg = Debug|Any CPU
		{2959A4D6-CF6D-49CB-9CA3-99FE14C8DF73}.Debug|Any CPU.Build.0 = Debug|Any CPU
		{2959A4D6-CF6D-49CB-9CA3-99FE14C8DF73}.Release|Any CPU.ActiveCfg = Release|Any CPU
		{2959A4D6-CF6D-49CB-9CA3-99FE14C8DF73}.Release|Any CPU.Build.0 = Release|Any CPU
		{431647AB-2730-4F46-B9F9-1B5D2937F661}.Debug|Any CPU.ActiveCfg = Debug|Any CPU
		{431647AB-2730-4F46-B9F9-1B5D2937F661}.Debug|Any CPU.Build.0 = Debug|Any CPU
		{431647AB-2730-4F46-B9F9-1B5D2937F661}.Release|Any CPU.ActiveCfg = Release|Any CPU
		{431647AB-2730-4F46-B9F9-1B5D2937F661}.Release|Any CPU.Build.0 = Release|Any CPU
		{9389A73F-FCFA-4990-97B5-605675ED7398}.Debug|Any CPU.ActiveCfg = Debug|Any CPU
		{9389A73F-FCFA-4990-97B5-605675ED7398}.Debug|Any CPU.Build.0 = Debug|Any CPU
		{9389A73F-FCFA-4990-97B5-605675ED7398}.Release|Any CPU.ActiveCfg = Release|Any CPU
		{9389A73F-FCFA-4990-97B5-605675ED7398}.Release|Any CPU.Build.0 = Release|Any CPU
		{1F85C9B5-035B-448E-A78F-229DD41845ED}.Debug|Any CPU.ActiveCfg = Debug|Any CPU
		{1F85C9B5-035B-448E-A78F-229DD41845ED}.Debug|Any CPU.Build.0 = Debug|Any CPU
		{1F85C9B5-035B-448E-A78F-229DD41845ED}.Release|Any CPU.ActiveCfg = Release|Any CPU
		{1F85C9B5-035B-448E-A78F-229DD41845ED}.Release|Any CPU.Build.0 = Release|Any CPU
		{16B36B49-8A55-4BE1-B69D-43E7E2EFC7C1}.Debug|Any CPU.ActiveCfg = Debug|Any CPU
		{16B36B49-8A55-4BE1-B69D-43E7E2EFC7C1}.Debug|Any CPU.Build.0 = Debug|Any CPU
		{16B36B49-8A55-4BE1-B69D-43E7E2EFC7C1}.Release|Any CPU.ActiveCfg = Release|Any CPU
		{16B36B49-8A55-4BE1-B69D-43E7E2EFC7C1}.Release|Any CPU.Build.0 = Release|Any CPU
		{35116C29-8E76-4CE8-8779-E406F96E92D1}.Debug|Any CPU.ActiveCfg = Debug|Any CPU
		{35116C29-8E76-4CE8-8779-E406F96E92D1}.Debug|Any CPU.Build.0 = Debug|Any CPU
		{35116C29-8E76-4CE8-8779-E406F96E92D1}.Release|Any CPU.ActiveCfg = Release|Any CPU
		{35116C29-8E76-4CE8-8779-E406F96E92D1}.Release|Any CPU.Build.0 = Release|Any CPU
		{7BE18C90-E344-4697-AA80-8B0AF75A920A}.Debug|Any CPU.ActiveCfg = Debug|Any CPU
		{7BE18C90-E344-4697-AA80-8B0AF75A920A}.Debug|Any CPU.Build.0 = Debug|Any CPU
		{7BE18C90-E344-4697-AA80-8B0AF75A920A}.Release|Any CPU.ActiveCfg = Release|Any CPU
		{7BE18C90-E344-4697-AA80-8B0AF75A920A}.Release|Any CPU.Build.0 = Release|Any CPU
		{E86C946E-CAA4-457D-BDF9-9EAAD8908E00}.Debug|Any CPU.ActiveCfg = Debug|Any CPU
		{E86C946E-CAA4-457D-BDF9-9EAAD8908E00}.Debug|Any CPU.Build.0 = Debug|Any CPU
		{E86C946E-CAA4-457D-BDF9-9EAAD8908E00}.Release|Any CPU.ActiveCfg = Release|Any CPU
		{E86C946E-CAA4-457D-BDF9-9EAAD8908E00}.Release|Any CPU.Build.0 = Release|Any CPU
		{E4BB134B-AA91-4C1E-8EA5-B8C02DD275A6}.Debug|Any CPU.ActiveCfg = Debug|Any CPU
		{E4BB134B-AA91-4C1E-8EA5-B8C02DD275A6}.Debug|Any CPU.Build.0 = Debug|Any CPU
		{E4BB134B-AA91-4C1E-8EA5-B8C02DD275A6}.Release|Any CPU.ActiveCfg = Release|Any CPU
		{E4BB134B-AA91-4C1E-8EA5-B8C02DD275A6}.Release|Any CPU.Build.0 = Release|Any CPU
	EndGlobalSection
	GlobalSection(SolutionProperties) = preSolution
		HideSolutionNode = FALSE
	EndGlobalSection
	GlobalSection(NestedProjects) = preSolution
		{78B6D5A1-FC31-4D4B-939D-9D6B9322E50B} = {5F21B1CF-C196-4EE6-93E9-46C93E707CA4}
		{576AF8E1-77B2-476F-9ED0-557406A1301F} = {5F21B1CF-C196-4EE6-93E9-46C93E707CA4}
		{EE85D379-4EA6-48AC-99E1-D0D06CB096B1} = {5F21B1CF-C196-4EE6-93E9-46C93E707CA4}
		{58A4B38D-ED65-4650-B12D-4592C6BC0DE2} = {5F21B1CF-C196-4EE6-93E9-46C93E707CA4}
		{4450B737-EFA6-470A-BF5C-BF62027F753C} = {0474E0F1-5F06-428A-AF85-A69796784104}
		{11EBAAAA-7561-4DD7-B32A-B161A8B33E9F} = {0474E0F1-5F06-428A-AF85-A69796784104}
		{B76387F1-6BEC-4069-A4C4-4CE077D482BE} = {0474E0F1-5F06-428A-AF85-A69796784104}
		{6D832FEC-317A-4D86-973B-27CD8354832A} = {0474E0F1-5F06-428A-AF85-A69796784104}
		{717BDA5B-A3E5-4759-86DC-6EDEFBE37FC6} = {0474E0F1-5F06-428A-AF85-A69796784104}
		{12C665C1-15E6-4C7F-BC8C-581F8AC9BC2F} = {0474E0F1-5F06-428A-AF85-A69796784104}
		{00796842-EC6E-4771-B8D8-D2CFAC076CAA} = {0474E0F1-5F06-428A-AF85-A69796784104}
		{87A058F4-DAAB-4DC8-831E-65865227D440} = {0474E0F1-5F06-428A-AF85-A69796784104}
		{36241910-937B-4353-B2CD-90E63DB2F489} = {0474E0F1-5F06-428A-AF85-A69796784104}
		{579A6C6D-02AA-48D0-8B0B-A3577D06AD28} = {0474E0F1-5F06-428A-AF85-A69796784104}
		{511803B1-0787-481A-9348-492471CD15A3} = {0474E0F1-5F06-428A-AF85-A69796784104}
		{C09137F3-02C7-46DD-BE79-7AF939741165} = {0474E0F1-5F06-428A-AF85-A69796784104}
		{4A74C3B2-C45B-4925-ADC9-E2AABAADF5CF} = {0474E0F1-5F06-428A-AF85-A69796784104}
		{37605DDB-BBAE-4DEE-82D2-2BF519FB5D66} = {0474E0F1-5F06-428A-AF85-A69796784104}
		{03C913BA-EAF8-4CE7-97EA-406921B041F0} = {0474E0F1-5F06-428A-AF85-A69796784104}
		{6C1339DB-6686-4369-AF1E-9BAC49170E28} = {0474E0F1-5F06-428A-AF85-A69796784104}
		{2B967FC5-A64F-4E1A-A35F-95C4A9D399CF} = {576AF8E1-77B2-476F-9ED0-557406A1301F}
		{B1643A68-4B8A-4554-A70C-6A21AB25C67E} = {576AF8E1-77B2-476F-9ED0-557406A1301F}
		{7E41115F-C4D5-49AC-8205-B4DD6A0A285C} = {78B6D5A1-FC31-4D4B-939D-9D6B9322E50B}
		{2959A4D6-CF6D-49CB-9CA3-99FE14C8DF73} = {EE85D379-4EA6-48AC-99E1-D0D06CB096B1}
		{431647AB-2730-4F46-B9F9-1B5D2937F661} = {EE85D379-4EA6-48AC-99E1-D0D06CB096B1}
		{9389A73F-FCFA-4990-97B5-605675ED7398} = {EE85D379-4EA6-48AC-99E1-D0D06CB096B1}
		{1F85C9B5-035B-448E-A78F-229DD41845ED} = {EE85D379-4EA6-48AC-99E1-D0D06CB096B1}
		{16B36B49-8A55-4BE1-B69D-43E7E2EFC7C1} = {EE85D379-4EA6-48AC-99E1-D0D06CB096B1}
		{35116C29-8E76-4CE8-8779-E406F96E92D1} = {EE85D379-4EA6-48AC-99E1-D0D06CB096B1}
		{7BE18C90-E344-4697-AA80-8B0AF75A920A} = {58A4B38D-ED65-4650-B12D-4592C6BC0DE2}
		{E86C946E-CAA4-457D-BDF9-9EAAD8908E00} = {58A4B38D-ED65-4650-B12D-4592C6BC0DE2}
		{E4BB134B-AA91-4C1E-8EA5-B8C02DD275A6} = {58A4B38D-ED65-4650-B12D-4592C6BC0DE2}
	EndGlobalSection
	GlobalSection(ExtensibilityGlobals) = postSolution
		SolutionGuid = {BE585BA6-EFF9-4975-A786-D103BB2BE61C}
	EndGlobalSection
EndGlobal
